{
  "name": "nandini",
  "lockfileVersion": 2,
  "requires": true,
  "packages": {
    "": {
      "dependencies": {
        "create": "^0.0.2",
        "react-app": "^1.1.2"
      }
    },
    "node_modules/create": {
      "version": "0.0.2",
      "resolved": "https://registry.npmjs.org/create/-/create-0.0.2.tgz",
      "integrity": "sha1-oBZ0etTmMdKpfefj5eod3MYYiSs=",
      "engines": {
        "node": ">= 0.4.0 && < 0.7.0"
      }
    },
    "node_modules/react-app": {
      "version": "1.1.2",
      "resolved": "https://registry.npmjs.org/react-app/-/react-app-1.1.2.tgz",
      "integrity": "sha1-rmCBWb29sWa8X8ycDZeyIZNl3B8=",
      "bin": {
        "react-app": "bin/react-app.js"
      },
      "engines": {
        "node": ">=6",
        "npm": ">=3.8"
      }
    }
  },
  "dependencies": {
    "create": {
      "version": "0.0.2",
      "resolved": "https://registry.npmjs.org/create/-/create-0.0.2.tgz",
      "integrity": "sha1-oBZ0etTmMdKpfefj5eod3MYYiSs="
    },
    "react-app": {
      "version": "1.1.2",
      "resolved": "https://registry.npmjs.org/react-app/-/react-app-1.1.2.tgz",
      "integrity": "sha1-rmCBWb29sWa8X8ycDZeyIZNl3B8="
    }
  }
}
